
Microsoft Visual Studio Solution File, Format Version 12.00
# Visual Studio Version 17
VisualStudioVersion = 17.1.32421.90
MinimumVisualStudioVersion = 10.0.40219.1
Project("{9A19103F-16F7-4668-BE54-9A1E7A4F7556}") = "BethanysPieShop", "BethanysPieShop\BethanysPieShop.csproj", "{4F44FE89-D6E1-4DC4-B13F-F1789EF896FB}"
EndProject
Project("{FAE04EC0-301F-11D3-BF4B-00C04F79EFBC}") = "BethanysPieShopTests", "BethanysPieShopTests\BethanysPieShopTests.csproj", "{CC295391-F374-4446-B08D-52148CFAEA22}"
EndProject
Global
	GlobalSection(SolutionConfigurationPlatforms) = preSolution
		Debug|Any CPU = Debug|Any CPU
		Release|Any CPU = Release|Any CPU
	EndGlobalSection
	GlobalSection(ProjectConfigurationPlatforms) = postSolution
		{4F44FE89-D6E1-4DC4-B13F-F1789EF896FB}.Debug|Any CPU.ActiveCfg = Debug|Any CPU
		{4F44FE89-D6E1-4DC4-B13F-F1789EF896FB}.Debug|Any CPU.Build.0 = Debug|Any CPU
		{4F44FE89-D6E1-4DC4-B13F-F1789EF896FB}.Release|Any CPU.ActiveCfg = Release|Any CPU
		{4F44FE89-D6E1-4DC4-B13F-F1789EF896FB}.Release|Any CPU.Build.0 = Release|Any CPU
		{CC295391-F374-4446-B08D-52148CFAEA22}.Debug|Any CPU.ActiveCfg = Debug|Any CPU
		{CC295391-F374-4446-B08D-52148CFAEA22}.Debug|Any CPU.Build.0 = Debug|Any CPU
		{CC295391-F374-4446-B08D-52148CFAEA22}.Release|Any CPU.ActiveCfg = Release|Any CPU
		{CC295391-F374-4446-B08D-52148CFAEA22}.Release|Any CPU.Build.0 = Release|Any CPU
	EndGlobalSection
	GlobalSection(SolutionProperties) = preSolution
		HideSolutionNode = FALSE
	EndGlobalSection
	GlobalSection(ExtensibilityGlobals) = postSolution
		SolutionGuid = {76CC5846-DE81-47E2-85BB-E8D8656BEFC0}
	EndGlobalSection
EndGlobal
